
Microsoft Visual Studio Solution File, Format Version 12.00
# Visual Studio Version 17
VisualStudioVersion = 17.3.32929.385
MinimumVisualStudioVersion = 10.0.40219.1
Project("{FAE04EC0-301F-11D3-BF4B-00C04F79EFBC}") = "agac_yapisi", "agac_yapisi.csproj", "{5BE630D0-9B85-4C36-A801-2A9DE9E65B0F}"
EndProject
Global
	GlobalSection(SolutionConfigurationPlatforms) = preSolution
		Debug|Any CPU = Debug|Any CPU
		Release|Any CPU = Release|Any CPU
	EndGlobalSection
	GlobalSection(ProjectConfigurationPlatforms) = postSolution
		{5BE630D0-9B85-4C36-A801-2A9DE9E65B0F}.Debug|Any CPU.ActiveCfg = Debug|Any CPU
		{5BE630D0-9B85-4C36-A801-2A9DE9E65B0F}.Debug|Any CPU.Build.0 = Debug|Any CPU
		{5BE630D0-9B85-4C36-A801-2A9DE9E65B0F}.Release|Any CPU.ActiveCfg = Release|Any CPU
		{5BE630D0-9B85-4C36-A801-2A9DE9E65B0F}.Release|Any CPU.Build.0 = Release|Any CPU
	EndGlobalSection
	GlobalSection(SolutionProperties) = preSolution
		HideSolutionNode = FALSE
	EndGlobalSection
	GlobalSection(ExtensibilityGlobals) = postSolution
		SolutionGuid = {B30F7BD1-B3F4-4585-9FBA-6E57D57C0F0E}
	EndGlobalSection
EndGlobal
